
Microsoft Visual Studio Solution File, Format Version 12.00
# Visual Studio Version 16
VisualStudioVersion = 16.0.34902.97
MinimumVisualStudioVersion = 10.0.40219.1
Project("{FAE04EC0-301F-11D3-BF4B-00C04F79EFBC}") = "DataStructures", "DataStructures\DataStructures.csproj", "{CB97559C-4E50-4DAE-9C10-513F7194DC6B}"
EndProject
Global
	GlobalSection(SolutionConfigurationPlatforms) = preSolution
		Debug|Any CPU = Debug|Any CPU
		Release|Any CPU = Release|Any CPU
	EndGlobalSection
	GlobalSection(ProjectConfigurationPlatforms) = postSolution
		{CB97559C-4E50-4DAE-9C10-513F7194DC6B}.Debug|Any CPU.ActiveCfg = Debug|Any CPU
		{CB97559C-4E50-4DAE-9C10-513F7194DC6B}.Debug|Any CPU.Build.0 = Debug|Any CPU
		{CB97559C-4E50-4DAE-9C10-513F7194DC6B}.Release|Any CPU.ActiveCfg = Release|Any CPU
		{CB97559C-4E50-4DAE-9C10-513F7194DC6B}.Release|Any CPU.Build.0 = Release|Any CPU
	EndGlobalSection
	GlobalSection(SolutionProperties) = preSolution
		HideSolutionNode = FALSE
	EndGlobalSection
	GlobalSection(ExtensibilityGlobals) = postSolution
		SolutionGuid = {9D224F08-2A55-4849-A4B2-9B4DA3879F03}
	EndGlobalSection
EndGlobal
